
Microsoft Visual Studio Solution File, Format Version 11.00
# Visual Studio 2010
Project("{FAE04EC0-301F-11D3-BF4B-00C04F79EFBC}") = "SonicB34T5", "SonicB34T5\SonicB34T5\SonicB34T5.csproj", "{FE881BE1-6851-419C-AA55-786A0D86A9A0}"
EndProject
Project("{96E2B04D-8817-42C6-938A-82C39BA4D311}") = "SonicB34T5Content", "SonicB34T5\SonicB34T5Content\SonicB34T5Content.contentproj", "{2EC998B2-F681-4608-875F-FD61651D0E39}"
EndProject
Global
	GlobalSection(SolutionConfigurationPlatforms) = preSolution
		Debug|x86 = Debug|x86
		Release|x86 = Release|x86
	EndGlobalSection
	GlobalSection(ProjectConfigurationPlatforms) = postSolution
		{FE881BE1-6851-419C-AA55-786A0D86A9A0}.Debug|x86.ActiveCfg = Debug|x86
		{FE881BE1-6851-419C-AA55-786A0D86A9A0}.Debug|x86.Build.0 = Debug|x86
		{FE881BE1-6851-419C-AA55-786A0D86A9A0}.Release|x86.ActiveCfg = Release|x86
		{FE881BE1-6851-419C-AA55-786A0D86A9A0}.Release|x86.Build.0 = Release|x86
		{2EC998B2-F681-4608-875F-FD61651D0E39}.Debug|x86.ActiveCfg = Debug|x86
		{2EC998B2-F681-4608-875F-FD61651D0E39}.Release|x86.ActiveCfg = Release|x86
	EndGlobalSection
	GlobalSection(SolutionProperties) = preSolution
		HideSolutionNode = FALSE
	EndGlobalSection
EndGlobal
